
Microsoft Visual Studio Solution File, Format Version 12.00
# Visual Studio Version 17
VisualStudioVersion = 17.7.34202.233
MinimumVisualStudioVersion = 10.0.40219.1
Project("{FAE04EC0-301F-11D3-BF4B-00C04F79EFBC}") = "KTStore", "KTStore\KTStore.csproj", "{AE973D42-6E23-40FD-892D-88ED04AC29F2}"
EndProject
Global
	GlobalSection(SolutionConfigurationPlatforms) = preSolution
		Debug|Any CPU = Debug|Any CPU
		Release|Any CPU = Release|Any CPU
	EndGlobalSection
	GlobalSection(ProjectConfigurationPlatforms) = postSolution
		{AE973D42-6E23-40FD-892D-88ED04AC29F2}.Debug|Any CPU.ActiveCfg = Debug|Any CPU
		{AE973D42-6E23-40FD-892D-88ED04AC29F2}.Debug|Any CPU.Build.0 = Debug|Any CPU
		{AE973D42-6E23-40FD-892D-88ED04AC29F2}.Release|Any CPU.ActiveCfg = Release|Any CPU
		{AE973D42-6E23-40FD-892D-88ED04AC29F2}.Release|Any CPU.Build.0 = Release|Any CPU
	EndGlobalSection
	GlobalSection(SolutionProperties) = preSolution
		HideSolutionNode = FALSE
	EndGlobalSection
	GlobalSection(ExtensibilityGlobals) = postSolution
		SolutionGuid = {534043C5-941E-467B-BBF1-01EF5FC5328B}
	EndGlobalSection
EndGlobal
